
Microsoft Visual Studio Solution File, Format Version 12.00
# Visual Studio Version 17
VisualStudioVersion = 17.9.34607.119
MinimumVisualStudioVersion = 10.0.40219.1
Project("{2150E333-8FDC-42A3-9474-1A3956D46DE8}") = "externals", "externals", "{76D7DFCE-3E1C-4BDA-92AF-D287585E8C38}"
EndProject
Project("{8BC9CEB8-8B4A-11D0-8D11-00A0C91BC942}") = "imgui", "externals\imgui.vcxproj", "{C8FBC3CE-D6DE-4FC3-BC15-7B647614DB09}"
EndProject
Project("{8BC9CEB8-8B4A-11D0-8D11-00A0C91BC942}") = "libogg_static", "externals\libogg_static.vcxproj", "{1659BF1B-6FCD-46E4-B5D4-0B760598CB2E}"
EndProject
Project("{8BC9CEB8-8B4A-11D0-8D11-00A0C91BC942}") = "libtheora_static", "externals\libtheora_static.vcxproj", "{D6AEA327-48BC-45C8-B0E9-BF775E451904}"
EndProject
Project("{8BC9CEB8-8B4A-11D0-8D11-00A0C91BC942}") = "libvorbis_static", "externals\libvorbis_static.vcxproj", "{0F3163C6-FAE6-4FBD-BF88-037EB0420DAF}"
EndProject
Project("{8BC9CEB8-8B4A-11D0-8D11-00A0C91BC942}") = "libvorbisfile_static", "externals\libvorbisfile_static.vcxproj", "{CEBDE98B-A6AA-46E6-BC79-FAAF823DB9EC}"
EndProject
Project("{8BC9CEB8-8B4A-11D0-8D11-00A0C91BC942}") = "lzo", "externals\lzo.vcxproj", "{1B71D5DF-C005-4B3F-822A-345255173F0B}"
EndProject
Project("{8BC9CEB8-8B4A-11D0-8D11-00A0C91BC942}") = "ode", "externals\ode.vcxproj", "{1BF75FEB-87DD-486C-880B-227987D191C2}"
EndProject
Project("{8BC9CEB8-8B4A-11D0-8D11-00A0C91BC942}") = "lua_jit", "externals\lua_jit.vcxproj", "{632AEEB6-DC06-4E15-9551-B2B09A4B73C5}"
EndProject
Project("{8BC9CEB8-8B4A-11D0-8D11-00A0C91BC942}") = "luabind", "externals\luabind.vcxproj", "{CCD4AFAE-AA10-42C6-A452-FDEE497CCDF1}"
EndProject
Project("{8BC9CEB8-8B4A-11D0-8D11-00A0C91BC942}") = "directx_mesh", "externals\directx_mesh.vcxproj", "{6857F086-F6FE-4150-9ED7-7446F1C1C220}"
EndProject
Project("{8BC9CEB8-8B4A-11D0-8D11-00A0C91BC942}") = "directx_tex", "externals\directx_tex.vcxproj", "{371B9FA9-4C90-4AC6-A123-ACED756D6C77}"
EndProject
Project("{2150E333-8FDC-42A3-9474-1A3956D46DE8}") = "sources", "sources", "{03444824-30C3-4D92-8584-12DB1428E7DA}"
EndProject
Project("{8BC9CEB8-8B4A-11D0-8D11-00A0C91BC942}") = "xrCompress", "sources\xrCompress\xrCompress.vcxproj", "{EF76867B-6EB8-4DC0-A1D6-E964FAD6FC7B}"
EndProject
Project("{8BC9CEB8-8B4A-11D0-8D11-00A0C91BC942}") = "xrCore", "sources\xrCore\xrCore.vcxproj", "{A0F7D1FB-59A7-4717-A7E4-96F37E91998E}"
EndProject
Project("{8BC9CEB8-8B4A-11D0-8D11-00A0C91BC942}") = "xrSound", "sources\xrSound\xrSound.vcxproj", "{CCCA7859-EB86-493E-9B53-C4235F45B3C5}"
EndProject
Project("{8BC9CEB8-8B4A-11D0-8D11-00A0C91BC942}") = "xrCDB", "sources\xrCDB\xrCDB.vcxproj", "{A19B1DF2-82EC-4364-8BDF-85D13A1C89B5}"
EndProject
Project("{8BC9CEB8-8B4A-11D0-8D11-00A0C91BC942}") = "xrRender", "sources\xrRender\xrRender.vcxproj", "{AC9B12ED-A2D7-4337-A981-5BD8430E96D8}"
EndProject
Project("{8BC9CEB8-8B4A-11D0-8D11-00A0C91BC942}") = "xrGame", "sources\xrGame\xrGame.vcxproj", "{200652A6-043E-4634-8837-87983B3BD5E0}"
EndProject
Project("{8BC9CEB8-8B4A-11D0-8D11-00A0C91BC942}") = "mimalloc", "externals\mimalloc.vcxproj", "{ABB5EAE7-B3E6-432E-B636-333449892EA6}"
EndProject
Project("{8BC9CEB8-8B4A-11D0-8D11-00A0C91BC942}") = "XR_3DA", "sources\xr_3da\XR_3DA.vcxproj", "{2578C6D8-660D-48AE-9322-7422F8664F06}"
EndProject
Global
	GlobalSection(SolutionConfigurationPlatforms) = preSolution
		Debug|x64 = Debug|x64
		Debug|x86 = Debug|x86
		Mixed|x64 = Mixed|x64
		Mixed|x86 = Mixed|x86
		Release|x64 = Release|x64
		Release|x86 = Release|x86
	EndGlobalSection
	GlobalSection(ProjectConfigurationPlatforms) = postSolution
		{C8FBC3CE-D6DE-4FC3-BC15-7B647614DB09}.Debug|x64.ActiveCfg = Debug|x64
		{C8FBC3CE-D6DE-4FC3-BC15-7B647614DB09}.Debug|x64.Build.0 = Debug|x64
		{C8FBC3CE-D6DE-4FC3-BC15-7B647614DB09}.Debug|x86.ActiveCfg = Debug|Win32
		{C8FBC3CE-D6DE-4FC3-BC15-7B647614DB09}.Debug|x86.Build.0 = Debug|Win32
		{C8FBC3CE-D6DE-4FC3-BC15-7B647614DB09}.Mixed|x64.ActiveCfg = Mixed|x64
		{C8FBC3CE-D6DE-4FC3-BC15-7B647614DB09}.Mixed|x64.Build.0 = Mixed|x64
		{C8FBC3CE-D6DE-4FC3-BC15-7B647614DB09}.Mixed|x86.ActiveCfg = Mixed|Win32
		{C8FBC3CE-D6DE-4FC3-BC15-7B647614DB09}.Mixed|x86.Build.0 = Mixed|Win32
		{C8FBC3CE-D6DE-4FC3-BC15-7B647614DB09}.Release|x64.ActiveCfg = Release|x64
		{C8FBC3CE-D6DE-4FC3-BC15-7B647614DB09}.Release|x64.Build.0 = Release|x64
		{C8FBC3CE-D6DE-4FC3-BC15-7B647614DB09}.Release|x86.ActiveCfg = Release|Win32
		{C8FBC3CE-D6DE-4FC3-BC15-7B647614DB09}.Release|x86.Build.0 = Release|Win32
		{1659BF1B-6FCD-46E4-B5D4-0B760598CB2E}.Debug|x64.ActiveCfg = Debug|x64
		{1659BF1B-6FCD-46E4-B5D4-0B760598CB2E}.Debug|x64.Build.0 = Debug|x64
		{1659BF1B-6FCD-46E4-B5D4-0B760598CB2E}.Debug|x86.ActiveCfg = Debug|Win32
		{1659BF1B-6FCD-46E4-B5D4-0B760598CB2E}.Debug|x86.Build.0 = Debug|Win32
		{1659BF1B-6FCD-46E4-B5D4-0B760598CB2E}.Mixed|x64.ActiveCfg = Debug|x64
		{1659BF1B-6FCD-46E4-B5D4-0B760598CB2E}.Mixed|x64.Build.0 = Debug|x64
		{1659BF1B-6FCD-46E4-B5D4-0B760598CB2E}.Mixed|x86.ActiveCfg = Debug|Win32
		{1659BF1B-6FCD-46E4-B5D4-0B760598CB2E}.Mixed|x86.Build.0 = Debug|Win32
		{1659BF1B-6FCD-46E4-B5D4-0B760598CB2E}.Release|x64.ActiveCfg = Release|x64
		{1659BF1B-6FCD-46E4-B5D4-0B760598CB2E}.Release|x64.Build.0 = Release|x64
		{1659BF1B-6FCD-46E4-B5D4-0B760598CB2E}.Release|x86.ActiveCfg = Release|Win32
		{1659BF1B-6FCD-46E4-B5D4-0B760598CB2E}.Release|x86.Build.0 = Release|Win32
		{D6AEA327-48BC-45C8-B0E9-BF775E451904}.Debug|x64.ActiveCfg = Debug|x64
		{D6AEA327-48BC-45C8-B0E9-BF775E451904}.Debug|x64.Build.0 = Debug|x64
		{D6AEA327-48BC-45C8-B0E9-BF775E451904}.Debug|x86.ActiveCfg = Debug|Win32
		{D6AEA327-48BC-45C8-B0E9-BF775E451904}.Debug|x86.Build.0 = Debug|Win32
		{D6AEA327-48BC-45C8-B0E9-BF775E451904}.Mixed|x64.ActiveCfg = Debug|x64
		{D6AEA327-48BC-45C8-B0E9-BF775E451904}.Mixed|x64.Build.0 = Debug|x64
		{D6AEA327-48BC-45C8-B0E9-BF775E451904}.Mixed|x86.ActiveCfg = Debug|Win32
		{D6AEA327-48BC-45C8-B0E9-BF775E451904}.Mixed|x86.Build.0 = Debug|Win32
		{D6AEA327-48BC-45C8-B0E9-BF775E451904}.Release|x64.ActiveCfg = Release|x64
		{D6AEA327-48BC-45C8-B0E9-BF775E451904}.Release|x64.Build.0 = Release|x64
		{D6AEA327-48BC-45C8-B0E9-BF775E451904}.Release|x86.ActiveCfg = Release|Win32
		{D6AEA327-48BC-45C8-B0E9-BF775E451904}.Release|x86.Build.0 = Release|Win32
		{0F3163C6-FAE6-4FBD-BF88-037EB0420DAF}.Debug|x64.ActiveCfg = Debug|x64
		{0F3163C6-FAE6-4FBD-BF88-037EB0420DAF}.Debug|x64.Build.0 = Debug|x64
		{0F3163C6-FAE6-4FBD-BF88-037EB0420DAF}.Debug|x86.ActiveCfg = Debug|Win32
		{0F3163C6-FAE6-4FBD-BF88-037EB0420DAF}.Debug|x86.Build.0 = Debug|Win32
		{0F3163C6-FAE6-4FBD-BF88-037EB0420DAF}.Mixed|x64.ActiveCfg = Debug|x64
		{0F3163C6-FAE6-4FBD-BF88-037EB0420DAF}.Mixed|x64.Build.0 = Debug|x64
		{0F3163C6-FAE6-4FBD-BF88-037EB0420DAF}.Mixed|x86.ActiveCfg = Debug|Win32
		{0F3163C6-FAE6-4FBD-BF88-037EB0420DAF}.Mixed|x86.Build.0 = Debug|Win32
		{0F3163C6-FAE6-4FBD-BF88-037EB0420DAF}.Release|x64.ActiveCfg = Release|x64
		{0F3163C6-FAE6-4FBD-BF88-037EB0420DAF}.Release|x64.Build.0 = Release|x64
		{0F3163C6-FAE6-4FBD-BF88-037EB0420DAF}.Release|x86.ActiveCfg = Release|Win32
		{0F3163C6-FAE6-4FBD-BF88-037EB0420DAF}.Release|x86.Build.0 = Release|Win32
		{CEBDE98B-A6AA-46E6-BC79-FAAF823DB9EC}.Debug|x64.ActiveCfg = Debug|x64
		{CEBDE98B-A6AA-46E6-BC79-FAAF823DB9EC}.Debug|x64.Build.0 = Debug|x64
		{CEBDE98B-A6AA-46E6-BC79-FAAF823DB9EC}.Debug|x86.ActiveCfg = Debug|Win32
		{CEBDE98B-A6AA-46E6-BC79-FAAF823DB9EC}.Debug|x86.Build.0 = Debug|Win32
		{CEBDE98B-A6AA-46E6-BC79-FAAF823DB9EC}.Mixed|x64.ActiveCfg = Debug|x64
		{CEBDE98B-A6AA-46E6-BC79-FAAF823DB9EC}.Mixed|x64.Build.0 = Debug|x64
		{CEBDE98B-A6AA-46E6-BC79-FAAF823DB9EC}.Mixed|x86.ActiveCfg = Debug|Win32
		{CEBDE98B-A6AA-46E6-BC79-FAAF823DB9EC}.Mixed|x86.Build.0 = Debug|Win32
		{CEBDE98B-A6AA-46E6-BC79-FAAF823DB9EC}.Release|x64.ActiveCfg = Release|x64
		{CEBDE98B-A6AA-46E6-BC79-FAAF823DB9EC}.Release|x64.Build.0 = Release|x64
		{CEBDE98B-A6AA-46E6-BC79-FAAF823DB9EC}.Release|x86.ActiveCfg = Release|Win32
		{CEBDE98B-A6AA-46E6-BC79-FAAF823DB9EC}.Release|x86.Build.0 = Release|Win32
		{1B71D5DF-C005-4B3F-822A-345255173F0B}.Debug|x64.ActiveCfg = Debug|x64
		{1B71D5DF-C005-4B3F-822A-345255173F0B}.Debug|x64.Build.0 = Debug|x64
		{1B71D5DF-C005-4B3F-822A-345255173F0B}.Debug|x86.ActiveCfg = Debug|Win32
		{1B71D5DF-C005-4B3F-822A-345255173F0B}.Debug|x86.Build.0 = Debug|Win32
		{1B71D5DF-C005-4B3F-822A-345255173F0B}.Mixed|x64.ActiveCfg = Debug|x64
		{1B71D5DF-C005-4B3F-822A-345255173F0B}.Mixed|x64.Build.0 = Debug|x64
		{1B71D5DF-C005-4B3F-822A-345255173F0B}.Mixed|x86.ActiveCfg = Debug|Win32
		{1B71D5DF-C005-4B3F-822A-345255173F0B}.Mixed|x86.Build.0 = Debug|Win32
		{1B71D5DF-C005-4B3F-822A-345255173F0B}.Release|x64.ActiveCfg = Release|x64
		{1B71D5DF-C005-4B3F-822A-345255173F0B}.Release|x64.Build.0 = Release|x64
		{1B71D5DF-C005-4B3F-822A-345255173F0B}.Release|x86.ActiveCfg = Release|Win32
		{1B71D5DF-C005-4B3F-822A-345255173F0B}.Release|x86.Build.0 = Release|Win32
		{1BF75FEB-87DD-486C-880B-227987D191C2}.Debug|x64.ActiveCfg = Debug|x64
		{1BF75FEB-87DD-486C-880B-227987D191C2}.Debug|x64.Build.0 = Debug|x64
		{1BF75FEB-87DD-486C-880B-227987D191C2}.Debug|x86.ActiveCfg = Debug|Win32
		{1BF75FEB-87DD-486C-880B-227987D191C2}.Debug|x86.Build.0 = Debug|Win32
		{1BF75FEB-87DD-486C-880B-227987D191C2}.Mixed|x64.ActiveCfg = Debug|x64
		{1BF75FEB-87DD-486C-880B-227987D191C2}.Mixed|x64.Build.0 = Debug|x64
		{1BF75FEB-87DD-486C-880B-227987D191C2}.Mixed|x86.ActiveCfg = Debug|Win32
		{1BF75FEB-87DD-486C-880B-227987D191C2}.Mixed|x86.Build.0 = Debug|Win32
		{1BF75FEB-87DD-486C-880B-227987D191C2}.Release|x64.ActiveCfg = Release|x64
		{1BF75FEB-87DD-486C-880B-227987D191C2}.Release|x64.Build.0 = Release|x64
		{1BF75FEB-87DD-486C-880B-227987D191C2}.Release|x86.ActiveCfg = Release|Win32
		{1BF75FEB-87DD-486C-880B-227987D191C2}.Release|x86.Build.0 = Release|Win32
		{632AEEB6-DC06-4E15-9551-B2B09A4B73C5}.Debug|x64.ActiveCfg = Debug|x64
		{632AEEB6-DC06-4E15-9551-B2B09A4B73C5}.Debug|x64.Build.0 = Debug|x64
		{632AEEB6-DC06-4E15-9551-B2B09A4B73C5}.Debug|x86.ActiveCfg = Release|x64
		{632AEEB6-DC06-4E15-9551-B2B09A4B73C5}.Debug|x86.Build.0 = Release|x64
		{632AEEB6-DC06-4E15-9551-B2B09A4B73C5}.Mixed|x64.ActiveCfg = Release|x64
		{632AEEB6-DC06-4E15-9551-B2B09A4B73C5}.Mixed|x64.Build.0 = Release|x64
		{632AEEB6-DC06-4E15-9551-B2B09A4B73C5}.Mixed|x86.ActiveCfg = Release|x64
		{632AEEB6-DC06-4E15-9551-B2B09A4B73C5}.Mixed|x86.Build.0 = Release|x64
		{632AEEB6-DC06-4E15-9551-B2B09A4B73C5}.Release|x64.ActiveCfg = Release|x64
		{632AEEB6-DC06-4E15-9551-B2B09A4B73C5}.Release|x64.Build.0 = Release|x64
		{632AEEB6-DC06-4E15-9551-B2B09A4B73C5}.Release|x86.ActiveCfg = Release|x64
		{632AEEB6-DC06-4E15-9551-B2B09A4B73C5}.Release|x86.Build.0 = Release|x64
		{CCD4AFAE-AA10-42C6-A452-FDEE497CCDF1}.Debug|x64.ActiveCfg = Debug|x64
		{CCD4AFAE-AA10-42C6-A452-FDEE497CCDF1}.Debug|x64.Build.0 = Debug|x64
		{CCD4AFAE-AA10-42C6-A452-FDEE497CCDF1}.Debug|x86.ActiveCfg = Debug|Win32
		{CCD4AFAE-AA10-42C6-A452-FDEE497CCDF1}.Debug|x86.Build.0 = Debug|Win32
		{CCD4AFAE-AA10-42C6-A452-FDEE497CCDF1}.Mixed|x64.ActiveCfg = Debug|x64
		{CCD4AFAE-AA10-42C6-A452-FDEE497CCDF1}.Mixed|x64.Build.0 = Debug|x64
		{CCD4AFAE-AA10-42C6-A452-FDEE497CCDF1}.Mixed|x86.ActiveCfg = Debug|Win32
		{CCD4AFAE-AA10-42C6-A452-FDEE497CCDF1}.Mixed|x86.Build.0 = Debug|Win32
		{CCD4AFAE-AA10-42C6-A452-FDEE497CCDF1}.Release|x64.ActiveCfg = Release|x64
		{CCD4AFAE-AA10-42C6-A452-FDEE497CCDF1}.Release|x64.Build.0 = Release|x64
		{CCD4AFAE-AA10-42C6-A452-FDEE497CCDF1}.Release|x86.ActiveCfg = Release|Win32
		{CCD4AFAE-AA10-42C6-A452-FDEE497CCDF1}.Release|x86.Build.0 = Release|Win32
		{6857F086-F6FE-4150-9ED7-7446F1C1C220}.Debug|x64.ActiveCfg = Debug|x64
		{6857F086-F6FE-4150-9ED7-7446F1C1C220}.Debug|x64.Build.0 = Debug|x64
		{6857F086-F6FE-4150-9ED7-7446F1C1C220}.Debug|x86.ActiveCfg = Debug|x64
		{6857F086-F6FE-4150-9ED7-7446F1C1C220}.Debug|x86.Build.0 = Debug|x64
		{6857F086-F6FE-4150-9ED7-7446F1C1C220}.Mixed|x64.ActiveCfg = Debug|x64
		{6857F086-F6FE-4150-9ED7-7446F1C1C220}.Mixed|x64.Build.0 = Debug|x64
		{6857F086-F6FE-4150-9ED7-7446F1C1C220}.Mixed|x86.ActiveCfg = Debug|x64
		{6857F086-F6FE-4150-9ED7-7446F1C1C220}.Mixed|x86.Build.0 = Debug|x64
		{6857F086-F6FE-4150-9ED7-7446F1C1C220}.Release|x64.ActiveCfg = Release|x64
		{6857F086-F6FE-4150-9ED7-7446F1C1C220}.Release|x64.Build.0 = Release|x64
		{6857F086-F6FE-4150-9ED7-7446F1C1C220}.Release|x86.ActiveCfg = Release|x64
		{6857F086-F6FE-4150-9ED7-7446F1C1C220}.Release|x86.Build.0 = Release|x64
		{371B9FA9-4C90-4AC6-A123-ACED756D6C77}.Debug|x64.ActiveCfg = Debug|x64
		{371B9FA9-4C90-4AC6-A123-ACED756D6C77}.Debug|x64.Build.0 = Debug|x64
		{371B9FA9-4C90-4AC6-A123-ACED756D6C77}.Debug|x86.ActiveCfg = Debug|x64
		{371B9FA9-4C90-4AC6-A123-ACED756D6C77}.Debug|x86.Build.0 = Debug|x64
		{371B9FA9-4C90-4AC6-A123-ACED756D6C77}.Mixed|x64.ActiveCfg = Debug|x64
		{371B9FA9-4C90-4AC6-A123-ACED756D6C77}.Mixed|x64.Build.0 = Debug|x64
		{371B9FA9-4C90-4AC6-A123-ACED756D6C77}.Mixed|x86.ActiveCfg = Debug|x64
		{371B9FA9-4C90-4AC6-A123-ACED756D6C77}.Mixed|x86.Build.0 = Debug|x64
		{371B9FA9-4C90-4AC6-A123-ACED756D6C77}.Release|x64.ActiveCfg = Release|x64
		{371B9FA9-4C90-4AC6-A123-ACED756D6C77}.Release|x64.Build.0 = Release|x64
		{371B9FA9-4C90-4AC6-A123-ACED756D6C77}.Release|x86.ActiveCfg = Release|x64
		{371B9FA9-4C90-4AC6-A123-ACED756D6C77}.Release|x86.Build.0 = Release|x64
		{EF76867B-6EB8-4DC0-A1D6-E964FAD6FC7B}.Debug|x64.ActiveCfg = Debug|x64
		{EF76867B-6EB8-4DC0-A1D6-E964FAD6FC7B}.Debug|x64.Build.0 = Debug|x64
		{EF76867B-6EB8-4DC0-A1D6-E964FAD6FC7B}.Debug|x86.ActiveCfg = Debug|x64
		{EF76867B-6EB8-4DC0-A1D6-E964FAD6FC7B}.Debug|x86.Build.0 = Debug|x64
		{EF76867B-6EB8-4DC0-A1D6-E964FAD6FC7B}.Mixed|x64.ActiveCfg = Debug|x64
		{EF76867B-6EB8-4DC0-A1D6-E964FAD6FC7B}.Mixed|x64.Build.0 = Debug|x64
		{EF76867B-6EB8-4DC0-A1D6-E964FAD6FC7B}.Mixed|x86.ActiveCfg = Debug|x64
		{EF76867B-6EB8-4DC0-A1D6-E964FAD6FC7B}.Mixed|x86.Build.0 = Debug|x64
		{EF76867B-6EB8-4DC0-A1D6-E964FAD6FC7B}.Release|x64.ActiveCfg = Release|x64
		{EF76867B-6EB8-4DC0-A1D6-E964FAD6FC7B}.Release|x64.Build.0 = Release|x64
		{EF76867B-6EB8-4DC0-A1D6-E964FAD6FC7B}.Release|x86.ActiveCfg = Release|x64
		{EF76867B-6EB8-4DC0-A1D6-E964FAD6FC7B}.Release|x86.Build.0 = Release|x64
		{A0F7D1FB-59A7-4717-A7E4-96F37E91998E}.Debug|x64.ActiveCfg = Debug|x64
		{A0F7D1FB-59A7-4717-A7E4-96F37E91998E}.Debug|x64.Build.0 = Debug|x64
		{A0F7D1FB-59A7-4717-A7E4-96F37E91998E}.Debug|x86.ActiveCfg = Debug|Win32
		{A0F7D1FB-59A7-4717-A7E4-96F37E91998E}.Debug|x86.Build.0 = Debug|Win32
		{A0F7D1FB-59A7-4717-A7E4-96F37E91998E}.Mixed|x64.ActiveCfg = Debug|x64
		{A0F7D1FB-59A7-4717-A7E4-96F37E91998E}.Mixed|x64.Build.0 = Debug|x64
		{A0F7D1FB-59A7-4717-A7E4-96F37E91998E}.Mixed|x86.ActiveCfg = Debug|Win32
		{A0F7D1FB-59A7-4717-A7E4-96F37E91998E}.Mixed|x86.Build.0 = Debug|Win32
		{A0F7D1FB-59A7-4717-A7E4-96F37E91998E}.Release|x64.ActiveCfg = Release|x64
		{A0F7D1FB-59A7-4717-A7E4-96F37E91998E}.Release|x64.Build.0 = Release|x64
		{A0F7D1FB-59A7-4717-A7E4-96F37E91998E}.Release|x86.ActiveCfg = Release|Win32
		{A0F7D1FB-59A7-4717-A7E4-96F37E91998E}.Release|x86.Build.0 = Release|Win32
		{CCCA7859-EB86-493E-9B53-C4235F45B3C5}.Debug|x64.ActiveCfg = Debug|x64
		{CCCA7859-EB86-493E-9B53-C4235F45B3C5}.Debug|x64.Build.0 = Debug|x64
		{CCCA7859-EB86-493E-9B53-C4235F45B3C5}.Debug|x86.ActiveCfg = Debug|Win32
		{CCCA7859-EB86-493E-9B53-C4235F45B3C5}.Debug|x86.Build.0 = Debug|Win32
		{CCCA7859-EB86-493E-9B53-C4235F45B3C5}.Mixed|x64.ActiveCfg = Debug|x64
		{CCCA7859-EB86-493E-9B53-C4235F45B3C5}.Mixed|x64.Build.0 = Debug|x64
		{CCCA7859-EB86-493E-9B53-C4235F45B3C5}.Mixed|x86.ActiveCfg = Debug|Win32
		{CCCA7859-EB86-493E-9B53-C4235F45B3C5}.Mixed|x86.Build.0 = Debug|Win32
		{CCCA7859-EB86-493E-9B53-C4235F45B3C5}.Release|x64.ActiveCfg = Release|x64
		{CCCA7859-EB86-493E-9B53-C4235F45B3C5}.Release|x64.Build.0 = Release|x64
		{CCCA7859-EB86-493E-9B53-C4235F45B3C5}.Release|x86.ActiveCfg = Release|Win32
		{CCCA7859-EB86-493E-9B53-C4235F45B3C5}.Release|x86.Build.0 = Release|Win32
		{A19B1DF2-82EC-4364-8BDF-85D13A1C89B5}.Debug|x64.ActiveCfg = Debug|x64
		{A19B1DF2-82EC-4364-8BDF-85D13A1C89B5}.Debug|x64.Build.0 = Debug|x64
		{A19B1DF2-82EC-4364-8BDF-85D13A1C89B5}.Debug|x86.ActiveCfg = Debug|Win32
		{A19B1DF2-82EC-4364-8BDF-85D13A1C89B5}.Debug|x86.Build.0 = Debug|Win32
		{A19B1DF2-82EC-4364-8BDF-85D13A1C89B5}.Mixed|x64.ActiveCfg = Debug|x64
		{A19B1DF2-82EC-4364-8BDF-85D13A1C89B5}.Mixed|x64.Build.0 = Debug|x64
		{A19B1DF2-82EC-4364-8BDF-85D13A1C89B5}.Mixed|x86.ActiveCfg = Debug|Win32
		{A19B1DF2-82EC-4364-8BDF-85D13A1C89B5}.Mixed|x86.Build.0 = Debug|Win32
		{A19B1DF2-82EC-4364-8BDF-85D13A1C89B5}.Release|x64.ActiveCfg = Release|x64
		{A19B1DF2-82EC-4364-8BDF-85D13A1C89B5}.Release|x64.Build.0 = Release|x64
		{A19B1DF2-82EC-4364-8BDF-85D13A1C89B5}.Release|x86.ActiveCfg = Release|Win32
		{A19B1DF2-82EC-4364-8BDF-85D13A1C89B5}.Release|x86.Build.0 = Release|Win32
		{AC9B12ED-A2D7-4337-A981-5BD8430E96D8}.Debug|x64.ActiveCfg = Debug|x64
		{AC9B12ED-A2D7-4337-A981-5BD8430E96D8}.Debug|x64.Build.0 = Debug|x64
		{AC9B12ED-A2D7-4337-A981-5BD8430E96D8}.Debug|x86.ActiveCfg = Debug|Win32
		{AC9B12ED-A2D7-4337-A981-5BD8430E96D8}.Debug|x86.Build.0 = Debug|Win32
		{AC9B12ED-A2D7-4337-A981-5BD8430E96D8}.Mixed|x64.ActiveCfg = Debug|x64
		{AC9B12ED-A2D7-4337-A981-5BD8430E96D8}.Mixed|x64.Build.0 = Debug|x64
		{AC9B12ED-A2D7-4337-A981-5BD8430E96D8}.Mixed|x86.ActiveCfg = Debug|Win32
		{AC9B12ED-A2D7-4337-A981-5BD8430E96D8}.Mixed|x86.Build.0 = Debug|Win32
		{AC9B12ED-A2D7-4337-A981-5BD8430E96D8}.Release|x64.ActiveCfg = Release|x64
		{AC9B12ED-A2D7-4337-A981-5BD8430E96D8}.Release|x64.Build.0 = Release|x64
		{AC9B12ED-A2D7-4337-A981-5BD8430E96D8}.Release|x86.ActiveCfg = Release|Win32
		{AC9B12ED-A2D7-4337-A981-5BD8430E96D8}.Release|x86.Build.0 = Release|Win32
		{200652A6-043E-4634-8837-87983B3BD5E0}.Debug|x64.ActiveCfg = Debug|x64
		{200652A6-043E-4634-8837-87983B3BD5E0}.Debug|x64.Build.0 = Debug|x64
		{200652A6-043E-4634-8837-87983B3BD5E0}.Debug|x86.ActiveCfg = Debug|Win32
		{200652A6-043E-4634-8837-87983B3BD5E0}.Debug|x86.Build.0 = Debug|Win32
		{200652A6-043E-4634-8837-87983B3BD5E0}.Mixed|x64.ActiveCfg = Debug|x64
		{200652A6-043E-4634-8837-87983B3BD5E0}.Mixed|x64.Build.0 = Debug|x64
		{200652A6-043E-4634-8837-87983B3BD5E0}.Mixed|x86.ActiveCfg = Debug|Win32
		{200652A6-043E-4634-8837-87983B3BD5E0}.Mixed|x86.Build.0 = Debug|Win32
		{200652A6-043E-4634-8837-87983B3BD5E0}.Release|x64.ActiveCfg = Release|x64
		{200652A6-043E-4634-8837-87983B3BD5E0}.Release|x64.Build.0 = Release|x64
		{200652A6-043E-4634-8837-87983B3BD5E0}.Release|x86.ActiveCfg = Release|Win32
		{200652A6-043E-4634-8837-87983B3BD5E0}.Release|x86.Build.0 = Release|Win32
		{ABB5EAE7-B3E6-432E-B636-333449892EA6}.Debug|x64.ActiveCfg = Debug|x64
		{ABB5EAE7-B3E6-432E-B636-333449892EA6}.Debug|x64.Build.0 = Debug|x64
		{ABB5EAE7-B3E6-432E-B636-333449892EA6}.Debug|x86.ActiveCfg = Debug|Win32
		{ABB5EAE7-B3E6-432E-B636-333449892EA6}.Debug|x86.Build.0 = Debug|Win32
		{ABB5EAE7-B3E6-432E-B636-333449892EA6}.Mixed|x64.ActiveCfg = Debug|x64
		{ABB5EAE7-B3E6-432E-B636-333449892EA6}.Mixed|x64.Build.0 = Debug|x64
		{ABB5EAE7-B3E6-432E-B636-333449892EA6}.Mixed|x86.ActiveCfg = Debug|Win32
		{ABB5EAE7-B3E6-432E-B636-333449892EA6}.Mixed|x86.Build.0 = Debug|Win32
		{ABB5EAE7-B3E6-432E-B636-333449892EA6}.Release|x64.ActiveCfg = Release|x64
		{ABB5EAE7-B3E6-432E-B636-333449892EA6}.Release|x64.Build.0 = Release|x64
		{ABB5EAE7-B3E6-432E-B636-333449892EA6}.Release|x86.ActiveCfg = Release|Win32
		{ABB5EAE7-B3E6-432E-B636-333449892EA6}.Release|x86.Build.0 = Release|Win32
		{2578C6D8-660D-48AE-9322-7422F8664F06}.Debug|x64.ActiveCfg = Debug|x64
		{2578C6D8-660D-48AE-9322-7422F8664F06}.Debug|x64.Build.0 = Debug|x64
		{2578C6D8-660D-48AE-9322-7422F8664F06}.Debug|x86.ActiveCfg = Debug|Win32
		{2578C6D8-660D-48AE-9322-7422F8664F06}.Debug|x86.Build.0 = Debug|Win32
		{2578C6D8-660D-48AE-9322-7422F8664F06}.Mixed|x64.ActiveCfg = Debug|x64
		{2578C6D8-660D-48AE-9322-7422F8664F06}.Mixed|x64.Build.0 = Debug|x64
		{2578C6D8-660D-48AE-9322-7422F8664F06}.Mixed|x86.ActiveCfg = Debug|Win32
		{2578C6D8-660D-48AE-9322-7422F8664F06}.Mixed|x86.Build.0 = Debug|Win32
		{2578C6D8-660D-48AE-9322-7422F8664F06}.Release|x64.ActiveCfg = Release|x64
		{2578C6D8-660D-48AE-9322-7422F8664F06}.Release|x64.Build.0 = Release|x64
		{2578C6D8-660D-48AE-9322-7422F8664F06}.Release|x86.ActiveCfg = Release|Win32
		{2578C6D8-660D-48AE-9322-7422F8664F06}.Release|x86.Build.0 = Release|Win32
	EndGlobalSection
	GlobalSection(SolutionProperties) = preSolution
		HideSolutionNode = FALSE
	EndGlobalSection
	GlobalSection(NestedProjects) = preSolution
		{C8FBC3CE-D6DE-4FC3-BC15-7B647614DB09} = {76D7DFCE-3E1C-4BDA-92AF-D287585E8C38}
		{1659BF1B-6FCD-46E4-B5D4-0B760598CB2E} = {76D7DFCE-3E1C-4BDA-92AF-D287585E8C38}
		{D6AEA327-48BC-45C8-B0E9-BF775E451904} = {76D7DFCE-3E1C-4BDA-92AF-D287585E8C38}
		{0F3163C6-FAE6-4FBD-BF88-037EB0420DAF} = {76D7DFCE-3E1C-4BDA-92AF-D287585E8C38}
		{CEBDE98B-A6AA-46E6-BC79-FAAF823DB9EC} = {76D7DFCE-3E1C-4BDA-92AF-D287585E8C38}
		{1B71D5DF-C005-4B3F-822A-345255173F0B} = {76D7DFCE-3E1C-4BDA-92AF-D287585E8C38}
		{1BF75FEB-87DD-486C-880B-227987D191C2} = {76D7DFCE-3E1C-4BDA-92AF-D287585E8C38}
		{632AEEB6-DC06-4E15-9551-B2B09A4B73C5} = {76D7DFCE-3E1C-4BDA-92AF-D287585E8C38}
		{CCD4AFAE-AA10-42C6-A452-FDEE497CCDF1} = {76D7DFCE-3E1C-4BDA-92AF-D287585E8C38}
		{6857F086-F6FE-4150-9ED7-7446F1C1C220} = {76D7DFCE-3E1C-4BDA-92AF-D287585E8C38}
		{371B9FA9-4C90-4AC6-A123-ACED756D6C77} = {76D7DFCE-3E1C-4BDA-92AF-D287585E8C38}
		{EF76867B-6EB8-4DC0-A1D6-E964FAD6FC7B} = {03444824-30C3-4D92-8584-12DB1428E7DA}
		{A0F7D1FB-59A7-4717-A7E4-96F37E91998E} = {03444824-30C3-4D92-8584-12DB1428E7DA}
		{CCCA7859-EB86-493E-9B53-C4235F45B3C5} = {03444824-30C3-4D92-8584-12DB1428E7DA}
		{A19B1DF2-82EC-4364-8BDF-85D13A1C89B5} = {03444824-30C3-4D92-8584-12DB1428E7DA}
		{AC9B12ED-A2D7-4337-A981-5BD8430E96D8} = {03444824-30C3-4D92-8584-12DB1428E7DA}
		{200652A6-043E-4634-8837-87983B3BD5E0} = {03444824-30C3-4D92-8584-12DB1428E7DA}
		{ABB5EAE7-B3E6-432E-B636-333449892EA6} = {76D7DFCE-3E1C-4BDA-92AF-D287585E8C38}
		{2578C6D8-660D-48AE-9322-7422F8664F06} = {03444824-30C3-4D92-8584-12DB1428E7DA}
	EndGlobalSection
	GlobalSection(ExtensibilityGlobals) = postSolution
		SolutionGuid = {77EA2E83-A280-43A1-931E-D35B569B2FEE}
	EndGlobalSection
EndGlobal
