<?xml version="1.0" encoding="utf-8"?>
<Project ToolsVersion="4.0" xmlns="http://schemas.microsoft.com/developer/msbuild/2003">
  <ItemGroup>
    <Filter Include="Console">
      <UniqueIdentifier>{1b6c2847-caf7-49ec-be37-f63eaaa9d4f3}</UniqueIdentifier>
    </Filter>
  </ItemGroup>
  <ItemGroup>
    <ClInclude Include="xr_ioc_cmd.h">
      <Filter>Console</Filter>
    </ClInclude>
    <ClInclude Include="XR_IOConsole.h">
      <Filter>Console</Filter>
    </ClInclude>
    <ClInclude Include="line_edit_control.h">
      <Filter>Console</Filter>
    </ClInclude>
    <ClInclude Include="line_editor.h">
      <Filter>Console</Filter>
    </ClInclude>
    <ClInclude Include="edit_actions.h">
      <Filter>Console</Filter>
    </ClInclude>
    <ClInclude Include="os_clipboard.h">
      <Filter>Console</Filter>
    </ClInclude>
    <ClInclude Include="NET_Server_Trash\client_id.h" />
    <ClInclude Include="NET_Server_Trash\NET_Client.h" />
    <ClInclude Include="NET_Server_Trash\NET_Messages.h" />
    <ClInclude Include="NET_Server_Trash\NET_Server.h" />
    <ClInclude Include="NET_Server_Trash\NET_Shared.h" />
    <ClInclude Include="NET_Server_Trash\NET_utils.h" />
    <ClInclude Include="ICollidable.h" />
    <ClInclude Include="IInputReceiver.h" />
    <ClInclude Include="xr_input.h" />
    <ClInclude Include="Engine.h" />
    <ClInclude Include="EngineAPI.h" />
    <ClInclude Include="EventAPI.h" />
    <ClInclude Include="xrTheora_Stream.h" />
    <ClInclude Include="xrTheora_Surface.h" />
    <ClInclude Include="Stats.h" />
    <ClInclude Include="resource.h" />
    <ClInclude Include="stdafx.h" />
    <ClInclude Include="x_ray.h" />
    <ClInclude Include="PS_instance.h" />
    <ClInclude Include="ISheduled.h" />
    <ClInclude Include="xrSheduler.h" />
    <ClInclude Include="IGame_Level.h" />
    <ClInclude Include="IGame_Persistent.h" />
    <ClInclude Include="xr_area.h" />
    <ClInclude Include="xr_collide_form.h" />
    <ClInclude Include="Feel_Vision.h" />
    <ClInclude Include="Feel_Touch.h" />
    <ClInclude Include="Feel_Sound.h" />
    <ClInclude Include="IGame_ObjectPool.h" />
    <ClInclude Include="pure_relcase.h" />
    <ClInclude Include="xr_object.h" />
    <ClInclude Include="xr_object_list.h" />
    <ClInclude Include="Environment.h" />
    <ClInclude Include="FDemoRecord.h" />
    <ClInclude Include="FDemoPlay.h" />
    <ClInclude Include="Rain.h" />
    <ClInclude Include="thunderbolt.h" />
    <ClInclude Include="CameraManager.h" />
    <ClInclude Include="CustomHUD.h" />
    <ClInclude Include="device.h" />
    <ClInclude Include="Effector.h" />
    <ClInclude Include="EffectorPP.h" />
    <ClInclude Include="ILoadingScreen.h" />
    <ClInclude Include="xr_efflensflare.h" />
    <ClInclude Include="LightAnimLibrary.h" />
    <ClInclude Include="GameMtlLib.h" />
  </ItemGroup>
  <ItemGroup>
    <ClCompile Include="xr_ioc_cmd.cpp">
      <Filter>Console</Filter>
    </ClCompile>
    <ClCompile Include="XR_IOConsole.cpp">
      <Filter>Console</Filter>
    </ClCompile>
    <ClCompile Include="line_edit_control.cpp">
      <Filter>Console</Filter>
    </ClCompile>
    <ClCompile Include="line_editor.cpp">
      <Filter>Console</Filter>
    </ClCompile>
    <ClCompile Include="edit_actions.cpp">
      <Filter>Console</Filter>
    </ClCompile>
    <ClCompile Include="os_clipboard.cpp">
      <Filter>Console</Filter>
    </ClCompile>
    <ClCompile Include="XR_IOConsole_callback.cpp">
      <Filter>Console</Filter>
    </ClCompile>
    <ClCompile Include="XR_IOConsole_control.cpp">
      <Filter>Console</Filter>
    </ClCompile>
    <ClCompile Include="XR_IOConsole_get.cpp">
      <Filter>Console</Filter>
    </ClCompile>
    <ClCompile Include="NET_Server_Trash\NET_Client.cpp" />
    <ClCompile Include="NET_Server_Trash\NET_Server.cpp" />
    <ClCompile Include="ICollidable.cpp" />
    <ClCompile Include="IInputReceiver.cpp" />
    <ClCompile Include="Xr_input.cpp" />
    <ClCompile Include="Engine.cpp" />
    <ClCompile Include="EngineAPI.cpp" />
    <ClCompile Include="EventAPI.cpp" />
    <ClCompile Include="xrTheora_Stream.cpp" />
    <ClCompile Include="xrTheora_Surface.cpp" />
    <ClCompile Include="Stats.cpp" />
    <ClCompile Include="stdafx.cpp" />
    <ClCompile Include="x_ray.cpp" />
    <ClCompile Include="PS_instance.cpp" />
    <ClCompile Include="ISheduled.cpp" />
    <ClCompile Include="xrSheduler.cpp" />
    <ClCompile Include="IGame_Level.cpp" />
    <ClCompile Include="IGame_Level_check_textures.cpp" />
    <ClCompile Include="IGame_Persistent.cpp" />
    <ClCompile Include="interp.cpp" />
    <ClCompile Include="xr_area.cpp" />
    <ClCompile Include="xr_area_query.cpp" />
    <ClCompile Include="xr_area_raypick.cpp" />
    <ClCompile Include="xr_collide_form.cpp" />
    <ClCompile Include="Feel_Vision.cpp" />
    <ClCompile Include="Feel_Touch.cpp" />
    <ClCompile Include="IGame_ObjectPool.cpp" />
    <ClCompile Include="pure_relcase.cpp" />
    <ClCompile Include="xr_object.cpp" />
    <ClCompile Include="xr_object_list.cpp" />
    <ClCompile Include="Environment_render.cpp" />
    <ClCompile Include="Environment_misc.cpp" />
    <ClCompile Include="Environment.cpp" />
    <ClCompile Include="FDemoRecord.cpp" />
    <ClCompile Include="FDemoPlay.cpp" />
    <ClCompile Include="Rain.cpp" />
    <ClCompile Include="thunderbolt.cpp" />
    <ClCompile Include="CameraManager.cpp" />
    <ClCompile Include="CustomHUD.cpp" />
    <ClCompile Include="device.cpp" />
    <ClCompile Include="Device_create.cpp" />
    <ClCompile Include="Device_destroy.cpp" />
    <ClCompile Include="Device_Initialize.cpp" />
    <ClCompile Include="Device_overdraw.cpp" />
    <ClCompile Include="Device_wndproc.cpp" />
    <ClCompile Include="EffectorPP.cpp" />
    <ClCompile Include="xr_efflensflare.cpp" />
    <ClCompile Include="LightAnimLibrary.cpp" />
    <ClCompile Include="GameMtlLib.cpp" />
    <ClCompile Include="GameMtlLib_Engine.cpp" />
  </ItemGroup>
  <ItemGroup>
    <None Include="ClientServer.txt" />
    <None Include="Effects description.txt" />
    <None Include="features.txt" />
    <None Include="TODO.txt" />
    <None Include="stalker.ico" />
  </ItemGroup>
  <ItemGroup>
    <ResourceCompile Include="resource.rc" />
  </ItemGroup>
  <ItemGroup>
    <Image Include="ui_splash3.png" />
  </ItemGroup>
</Project>