<?xml version="1.0" encoding="utf-8"?>
<Project ToolsVersion="4.0" xmlns="http://schemas.microsoft.com/developer/msbuild/2003">
  <ItemGroup>
    <ClCompile Include="rt_compressor.cpp" />
    <ClCompile Include="LzHuf.cpp" />
    <ClCompile Include="stacktrace_collector.cpp" />
    <ClCompile Include="xrDebugNew.cpp" />
    <ClCompile Include="stream_reader.cpp" />
    <ClCompile Include="file_stream_reader.cpp" />
    <ClCompile Include="FS.cpp" />
    <ClCompile Include="LocatorAPI.cpp" />
    <ClCompile Include="LocatorAPI_defs.cpp" />
    <ClCompile Include="log.cpp" />
    <ClCompile Include="trivial_encryptor.cpp" />
    <ClCompile Include="Xr_ini.cpp" />
    <ClCompile Include="xrCore.cpp" />
    <ClCompile Include="stdafx.cpp" />
    <ClCompile Include="FTimer.cpp" />
    <ClCompile Include="cpuid.cpp" />
    <ClCompile Include="_std_extensions.cpp" />
    <ClCompile Include="clsid.cpp" />
    <ClCompile Include="xr_trims.cpp" />
    <ClCompile Include="_math.cpp" />
    <ClCompile Include="_compressed_normal.cpp" />
    <ClCompile Include="_sphere.cpp" />
    <ClCompile Include="xrMemory.cpp" />
    <ClCompile Include="xrMemoryDebug.cpp" />
    <ClCompile Include="crc32.cpp" />
    <ClCompile Include="xrsharedmem.cpp" />
    <ClCompile Include="xrstring.cpp" />
    <ClCompile Include="Event.cpp" />
    <ClCompile Include="XML_Parser\tinyxml.cpp" />
    <ClCompile Include="XML_Parser\tinyxmlerror.cpp" />
    <ClCompile Include="XML_Parser\tinyxmlparser.cpp" />
    <ClCompile Include="XML_Parser\xrXMLParser.cpp" />
    <ClCompile Include="xrAPI.cpp" />
    <ClCompile Include="pure.cpp" />
    <ClCompile Include="random32.cpp" />
  </ItemGroup>
  <ItemGroup>
    <ClInclude Include="rt_compressor.h" />
    <ClInclude Include="lzhuf.h" />
    <ClInclude Include="stacktrace_collector.h" />
    <ClInclude Include="xrDebug.h" />
    <ClInclude Include="xrDebug_macros.h" />
    <ClInclude Include="stream_reader_inline.h" />
    <ClInclude Include="stream_reader.h" />
    <ClInclude Include="file_stream_reader.h" />
    <ClInclude Include="FS.h" />
    <ClInclude Include="FS_internal.h" />
    <ClInclude Include="LocatorAPI.h" />
    <ClInclude Include="LocatorAPI_defs.h" />
    <ClInclude Include="log.h" />
    <ClInclude Include="trivial_encryptor.h" />
    <ClInclude Include="xr_ini.h" />
    <ClInclude Include="xrCore_platform.h" />
    <ClInclude Include="xrCore.h" />
    <ClInclude Include="stdafx.h" />
    <ClInclude Include="FTimer.h" />
    <ClInclude Include="intrusive_ptr_inline.h" />
    <ClInclude Include="intrusive_ptr.h" />
    <ClInclude Include="cpuid.h" />
    <ClInclude Include="_std_extensions.h" />
    <ClInclude Include="_stl_extensions.h" />
    <ClInclude Include="clsid.h" />
    <ClInclude Include="xr_trims.h" />
    <ClInclude Include="FixedMap.h" />
    <ClInclude Include="FixedVector.h" />
    <ClInclude Include="xrPool.h" />
    <ClInclude Include="_quaternion.h" />
    <ClInclude Include="_plane2.h" />
    <ClInclude Include="_plane.h" />
    <ClInclude Include="_obb.h" />
    <ClInclude Include="_matrix33.h" />
    <ClInclude Include="_matrix.h" />
    <ClInclude Include="_math.h" />
    <ClInclude Include="_flags.h" />
    <ClInclude Include="_fbox2.h" />
    <ClInclude Include="_fbox.h" />
    <ClInclude Include="_cylinder.h" />
    <ClInclude Include="_compressed_normal.h" />
    <ClInclude Include="_color.h" />
    <ClInclude Include="_bitwise.h" />
    <ClInclude Include="vector.h" />
    <ClInclude Include="buffer_vector_inline.h" />
    <ClInclude Include="buffer_vector.h" />
    <ClInclude Include="_vector4.h" />
    <ClInclude Include="_vector3d_ext.h" />
    <ClInclude Include="_vector3d.h" />
    <ClInclude Include="_vector2.h" />
    <ClInclude Include="_types.h" />
    <ClInclude Include="_sphere.h" />
    <ClInclude Include="_rect.h" />
    <ClInclude Include="_random.h" />
    <ClInclude Include="xrMemory.h" />
    <ClInclude Include="xrMemoryDebug.h" />
    <ClInclude Include="crc32.h" />
    <ClInclude Include="xr_resource.h" />
    <ClInclude Include="xrsharedmem.h" />
    <ClInclude Include="xrstring.h" />
    <ClInclude Include="Utils\task_thread_pool.hpp" />
    <ClInclude Include="Utils\FastDelegate.hpp" />
    <ClInclude Include="Utils\imdexlib\utility.hpp" />
    <ClInclude Include="Utils\imdexlib\typelist.hpp" />
    <ClInclude Include="Utils\imdexlib\traits.hpp" />
    <ClInclude Include="Utils\imdexlib\mpl.hpp" />
    <ClInclude Include="Utils\imdexlib\is_reference_wrapper.hpp" />
    <ClInclude Include="Utils\imdexlib\identity.hpp" />
    <ClInclude Include="Utils\imdexlib\fast_dynamic_cast.hpp" />
    <ClInclude Include="xrSyncronize.h" />
    <ClInclude Include="Event.hpp" />
    <ClInclude Include="XML_Parser\tinyxml.h" />
    <ClInclude Include="XML_Parser\xrXMLParser.h" />
    <ClInclude Include="xrAPI.h" />
    <ClInclude Include="properties.h" />
    <ClInclude Include="pure.h" />
    <ClInclude Include="random32.h" />
    <ClInclude Include="smart_cast.h" />
    <ClInclude Include="build_config_defines.h" />
  </ItemGroup>
</Project>